
Microsoft Visual Studio Solution File, Format Version 12.00
# Visual Studio Version 17
VisualStudioVersion = 17.13.35818.85 d17.13
MinimumVisualStudioVersion = 10.0.40219.1
Project("{FAE04EC0-301F-11D3-BF4B-00C04F79EFBC}") = "PokeAppi", "PokeAppi\PokeAppi.csproj", "{51E4F86E-F560-5C9B-4EC2-5ED256EDB3BC}"
EndProject
Project("{FAE04EC0-301F-11D3-BF4B-00C04F79EFBC}") = "PokeAppi.Desktop", "PokeAppi.Desktop\PokeAppi.Desktop.csproj", "{575D43BA-FAAB-95E1-F689-2D6837BB60EA}"
EndProject
Global
	GlobalSection(SolutionConfigurationPlatforms) = preSolution
		Debug|Any CPU = Debug|Any CPU
		Release|Any CPU = Release|Any CPU
	EndGlobalSection
	GlobalSection(ProjectConfigurationPlatforms) = postSolution
		{51E4F86E-F560-5C9B-4EC2-5ED256EDB3BC}.Debug|Any CPU.ActiveCfg = Debug|Any CPU
		{51E4F86E-F560-5C9B-4EC2-5ED256EDB3BC}.Debug|Any CPU.Build.0 = Debug|Any CPU
		{51E4F86E-F560-5C9B-4EC2-5ED256EDB3BC}.Release|Any CPU.ActiveCfg = Release|Any CPU
		{51E4F86E-F560-5C9B-4EC2-5ED256EDB3BC}.Release|Any CPU.Build.0 = Release|Any CPU
		{575D43BA-FAAB-95E1-F689-2D6837BB60EA}.Debug|Any CPU.ActiveCfg = Debug|Any CPU
		{575D43BA-FAAB-95E1-F689-2D6837BB60EA}.Debug|Any CPU.Build.0 = Debug|Any CPU
		{575D43BA-FAAB-95E1-F689-2D6837BB60EA}.Release|Any CPU.ActiveCfg = Release|Any CPU
		{575D43BA-FAAB-95E1-F689-2D6837BB60EA}.Release|Any CPU.Build.0 = Release|Any CPU
	EndGlobalSection
	GlobalSection(SolutionProperties) = preSolution
		HideSolutionNode = FALSE
	EndGlobalSection
	GlobalSection(ExtensibilityGlobals) = postSolution
		SolutionGuid = {30FB9C36-C361-467D-85E3-344C4CBCAAF4}
	EndGlobalSection
EndGlobal
